// !$*UTF8*$!
{
	archiveVersion = 1;
	classes = {
	};
	objectVersion = 46;
	objects = {

/* Begin PBXBuildFile section */
		98D8B8ED1E5F01830076E17F /* main.swift in Sources */ = {isa = PBXBuildFile; fileRef = 98D8B8EC1E5F01830076E17F /* main.swift */; };
		98D8B8F41E5F01CB0076E17F /* Util.swift in Sources */ = {isa = PBXBuildFile; fileRef = 98D8B8F31E5F01CB0076E17F /* Util.swift */; };
		98D8B8F71E5F0D280076E17F /* Model.swift in Sources */ = {isa = PBXBuildFile; fileRef = 98D8B8F61E5F0D280076E17F /* Model.swift */; };
/* End PBXBuildFile section */

/* Begin PBXCopyFilesBuildPhase section */
		98D8B8E71E5F01830076E17F /* CopyFiles */ = {
			isa = PBXCopyFilesBuildPhase;
			buildActionMask = 2147483647;
			dstPath = /usr/share/man/man1/;
			dstSubfolderSpec = 0;
			files = (
			);
			runOnlyForDeploymentPostprocessing = 1;
		};
/* End PBXCopyFilesBuildPhase section */

/* Begin PBXFileReference section */
		0196A94C1E5F575500F33324 /* kittens.in */ = {isa = PBXFileReference; fileEncoding = 4; lastKnownFileType = text; path = kittens.in; sourceTree = "<group>"; };
		0196A94D1E5F575500F33324 /* trending_today.in */ = {isa = PBXFileReference; fileEncoding = 4; lastKnownFileType = text; path = trending_today.in; sourceTree = "<group>"; };
		0196A94E1E5F575500F33324 /* videos_worth_spreading.in */ = {isa = PBXFileReference; fileEncoding = 4; lastKnownFileType = text; path = videos_worth_spreading.in; sourceTree = "<group>"; };
		0196A94F1E5F575500F33324 /* me_at_the_zoo.in */ = {isa = PBXFileReference; fileEncoding = 4; lastKnownFileType = text; path = me_at_the_zoo.in; sourceTree = "<group>"; };
		98D8B8E91E5F01830076E17F /* hash2017 */ = {isa = PBXFileReference; explicitFileType = "compiled.mach-o.executable"; includeInIndex = 0; path = hash2017; sourceTree = BUILT_PRODUCTS_DIR; };
		98D8B8EC1E5F01830076E17F /* main.swift */ = {isa = PBXFileReference; lastKnownFileType = sourcecode.swift; path = main.swift; sourceTree = "<group>"; };
		98D8B8F31E5F01CB0076E17F /* Util.swift */ = {isa = PBXFileReference; fileEncoding = 4; lastKnownFileType = sourcecode.swift; path = Util.swift; sourceTree = "<group>"; };
		98D8B8F61E5F0D280076E17F /* Model.swift */ = {isa = PBXFileReference; fileEncoding = 4; lastKnownFileType = sourcecode.swift; path = Model.swift; sourceTree = "<group>"; };
/* End PBXFileReference section */

/* Begin PBXFrameworksBuildPhase section */
		98D8B8E61E5F01830076E17F /* Frameworks */ = {
			isa = PBXFrameworksBuildPhase;
			buildActionMask = 2147483647;
			files = (
			);
			runOnlyForDeploymentPostprocessing = 0;
		};
/* End PBXFrameworksBuildPhase section */

/* Begin PBXGroup section */
		98D8B8E01E5F01830076E17F = {
			isa = PBXGroup;
			children = (
				0196A94C1E5F575500F33324 /* kittens.in */,
				0196A94D1E5F575500F33324 /* trending_today.in */,
				0196A94E1E5F575500F33324 /* videos_worth_spreading.in */,
				0196A94F1E5F575500F33324 /* me_at_the_zoo.in */,
				98D8B8EB1E5F01830076E17F /* hash2017 */,
				98D8B8EA1E5F01830076E17F /* Products */,
			);
			sourceTree = "<group>";
		};
		98D8B8EA1E5F01830076E17F /* Products */ = {
			isa = PBXGroup;
			children = (
				98D8B8E91E5F01830076E17F /* hash2017 */,
			);
			name = Products;
			sourceTree = "<group>";
		};
		98D8B8EB1E5F01830076E17F /* hash2017 */ = {
			isa = PBXGroup;
			children = (
				98D8B8EC1E5F01830076E17F /* main.swift */,
				98D8B8F31E5F01CB0076E17F /* Util.swift */,
				98D8B8F61E5F0D280076E17F /* Model.swift */,
			);
			path = hash2017;
			sourceTree = "<group>";
		};
/* End PBXGroup section */

/* Begin PBXNativeTarget section */
		98D8B8E81E5F01830076E17F /* hash2017 */ = {
			isa = PBXNativeTarget;
			buildConfigurationList = 98D8B8F01E5F01830076E17F /* Build configuration list for PBXNativeTarget "hash2017" */;
			buildPhases = (
				98D8B8E51E5F01830076E17F /* Sources */,
				98D8B8E61E5F01830076E17F /* Frameworks */,
				98D8B8E71E5F01830076E17F /* CopyFiles */,
			);
			buildRules = (
			);
			dependencies = (
			);
			name = hash2017;
			productName = hash2017;
			productReference = 98D8B8E91E5F01830076E17F /* hash2017 */;
			productType = "com.apple.product-type.tool";
		};
/* End PBXNativeTarget section */

/* Begin PBXProject section */
		98D8B8E11E5F01830076E17F /* Project object */ = {
			isa = PBXProject;
			attributes = {
				LastSwiftUpdateCheck = 0820;
				LastUpgradeCheck = 0820;
				ORGANIZATIONNAME = EC1;
				TargetAttributes = {
					98D8B8E81E5F01830076E17F = {
						CreatedOnToolsVersion = 8.2.1;
						DevelopmentTeam = 64F4JG42ZZ;
						ProvisioningStyle = Automatic;
					};
				};
			};
			buildConfigurationList = 98D8B8E41E5F01830076E17F /* Build configuration list for PBXProject "hash2017" */;
			compatibilityVersion = "Xcode 3.2";
			developmentRegion = English;
			hasScannedForEncodings = 0;
			knownRegions = (
				en,
			);
			mainGroup = 98D8B8E01E5F01830076E17F;
			productRefGroup = 98D8B8EA1E5F01830076E17F /* Products */;
			projectDirPath = "";
			projectRoot = "";
			targets = (
				98D8B8E81E5F01830076E17F /* hash2017 */,
			);
		};
/* End PBXProject section */

/* Begin PBXSourcesBuildPhase section */
		98D8B8E51E5F01830076E17F /* Sources */ = {
			isa = PBXSourcesBuildPhase;
			buildActionMask = 2147483647;
			files = (
				98D8B8F71E5F0D280076E17F /* Model.swift in Sources */,
				98D8B8ED1E5F01830076E17F /* main.swift in Sources */,
				98D8B8F41E5F01CB0076E17F /* Util.swift in Sources */,
			);
			runOnlyForDeploymentPostprocessing = 0;
		};
/* End PBXSourcesBuildPhase section */

/* Begin XCBuildConfiguration section */
		98D8B8EE1E5F01830076E17F /* Debug */ = {
			isa = XCBuildConfiguration;
			buildSettings = {
				ALWAYS_SEARCH_USER_PATHS = NO;
				CLANG_ANALYZER_NONNULL = YES;
				CLANG_CXX_LANGUAGE_STANDARD = "gnu++0x";
				CLANG_CXX_LIBRARY = "libc++";
				CLANG_ENABLE_MODULES = YES;
				CLANG_ENABLE_OBJC_ARC = YES;
				CLANG_WARN_BOOL_CONVERSION = YES;
				CLANG_WARN_CONSTANT_CONVERSION = YES;
				CLANG_WARN_DIRECT_OBJC_ISA_USAGE = YES_ERROR;
				CLANG_WARN_DOCUMENTATION_COMMENTS = YES;
				CLANG_WARN_EMPTY_BODY = YES;
				CLANG_WARN_ENUM_CONVERSION = YES;
				CLANG_WARN_INFINITE_RECURSION = YES;
				CLANG_WARN_INT_CONVERSION = YES;
				CLANG_WARN_OBJC_ROOT_CLASS = YES_ERROR;
				CLANG_WARN_SUSPICIOUS_MOVE = YES;
				CLANG_WARN_UNREACHABLE_CODE = YES;
				CLANG_WARN__DUPLICATE_METHOD_MATCH = YES;
				CODE_SIGN_IDENTITY = "-";
				COPY_PHASE_STRIP = NO;
				DEBUG_INFORMATION_FORMAT = dwarf;
				ENABLE_STRICT_OBJC_MSGSEND = YES;
				ENABLE_TESTABILITY = YES;
				GCC_C_LANGUAGE_STANDARD = gnu99;
				GCC_DYNAMIC_NO_PIC = NO;
				GCC_NO_COMMON_BLOCKS = YES;
				GCC_OPTIMIZATION_LEVEL = 0;
				GCC_PREPROCESSOR_DEFINITIONS = (
					"DEBUG=1",
					"$(inherited)",
				);
				GCC_WARN_64_TO_32_BIT_CONVERSION = YES;
				GCC_WARN_ABOUT_RETURN_TYPE = YES_ERROR;
				GCC_WARN_UNDECLARED_SELECTOR = YES;
				GCC_WARN_UNINITIALIZED_AUTOS = YES_AGGRESSIVE;
				GCC_WARN_UNUSED_FUNCTION = YES;
				GCC_WARN_UNUSED_VARIABLE = YES;
				MACOSX_DEPLOYMENT_TARGET = 10.12;
				MTL_ENABLE_DEBUG_INFO = YES;
				ONLY_ACTIVE_ARCH = YES;
				SDKROOT = macosx;
				SWIFT_OPTIMIZATION_LEVEL = "-Onone";
			};
			name = Debug;
		};
		98D8B8EF1E5F01830076E17F /* Release */ = {
			isa = XCBuildConfiguration;
			buildSettings = {
				ALWAYS_SEARCH_USER_PATHS = NO;
				CLANG_ANALYZER_NONNULL = YES;
				CLANG_CXX_LANGUAGE_STANDARD = "gnu++0x";
				CLANG_CXX_LIBRARY = "libc++";
				CLANG_ENABLE_MODULES = YES;
				CLANG_ENABLE_OBJC_ARC = YES;
				CLANG_WARN_BOOL_CONVERSION = YES;
				CLANG_WARN_CONSTANT_CONVERSION = YES;
				CLANG_WARN_DIRECT_OBJC_ISA_USAGE = YES_ERROR;
				CLANG_WARN_DOCUMENTATION_COMMENTS = YES;
				CLANG_WARN_EMPTY_BODY = YES;
				CLANG_WARN_ENUM_CONVERSION = YES;
				CLANG_WARN_INFINITE_RECURSION = YES;
				CLANG_WARN_INT_CONVERSION = YES;
				CLANG_WARN_OBJC_ROOT_CLASS = YES_ERROR;
				CLANG_WARN_SUSPICIOUS_MOVE = YES;
				CLANG_WARN_UNREACHABLE_CODE = YES;
				CLANG_WARN__DUPLICATE_METHOD_MATCH = YES;
				CODE_SIGN_IDENTITY = "-";
				COPY_PHASE_STRIP = NO;
				DEBUG_INFORMATION_FORMAT = "dwarf-with-dsym";
				ENABLE_NS_ASSERTIONS = NO;
				ENABLE_STRICT_OBJC_MSGSEND = YES;
				GCC_C_LANGUAGE_STANDARD = gnu99;
				GCC_NO_COMMON_BLOCKS = YES;
				GCC_WARN_64_TO_32_BIT_CONVERSION = YES;
				GCC_WARN_ABOUT_RETURN_TYPE = YES_ERROR;
				GCC_WARN_UNDECLARED_SELECTOR = YES;
				GCC_WARN_UNINITIALIZED_AUTOS = YES_AGGRESSIVE;
				GCC_WARN_UNUSED_FUNCTION = YES;
				GCC_WARN_UNUSED_VARIABLE = YES;
				MACOSX_DEPLOYMENT_TARGET = 10.12;
				MTL_ENABLE_DEBUG_INFO = NO;
				SDKROOT = macosx;
			};
			name = Release;
		};
		98D8B8F11E5F01830076E17F /* Debug */ = {
			isa = XCBuildConfiguration;
			buildSettings = {
				DEVELOPMENT_TEAM = 64F4JG42ZZ;
				PRODUCT_NAME = "$(TARGET_NAME)";
				SWIFT_VERSION = 3.0;
			};
			name = Debug;
		};
		98D8B8F21E5F01830076E17F /* Release */ = {
			isa = XCBuildConfiguration;
			buildSettings = {
				DEVELOPMENT_TEAM = 64F4JG42ZZ;
				PRODUCT_NAME = "$(TARGET_NAME)";
				SWIFT_VERSION = 3.0;
			};
			name = Release;
		};
/* End XCBuildConfiguration section */

/* Begin XCConfigurationList section */
		98D8B8E41E5F01830076E17F /* Build configuration list for PBXProject "hash2017" */ = {
			isa = XCConfigurationList;
			buildConfigurations = (
				98D8B8EE1E5F01830076E17F /* Debug */,
				98D8B8EF1E5F01830076E17F /* Release */,
			);
			defaultConfigurationIsVisible = 0;
			defaultConfigurationName = Release;
		};
		98D8B8F01E5F01830076E17F /* Build configuration list for PBXNativeTarget "hash2017" */ = {
			isa = XCConfigurationList;
			buildConfigurations = (
				98D8B8F11E5F01830076E17F /* Debug */,
				98D8B8F21E5F01830076E17F /* Release */,
			);
			defaultConfigurationIsVisible = 0;
			defaultConfigurationName = Release;
		};
/* End XCConfigurationList section */
	};
	rootObject = 98D8B8E11E5F01830076E17F /* Project object */;
}
